
Microsoft Visual Studio Solution File, Format Version 12.00
# Visual Studio Version 16
VisualStudioVersion = 16.0.30907.101
MinimumVisualStudioVersion = 10.0.40219.1
Project("{FAE04EC0-301F-11D3-BF4B-00C04F79EFBC}") = "Aufgabe1", "Aufgabe1\Aufgabe1.csproj", "{1945CFA6-9512-4CB1-9209-739B42E02886}"
EndProject
Project("{FAE04EC0-301F-11D3-BF4B-00C04F79EFBC}") = "Aufgabe3", "Aufgabe3\Aufgabe3.csproj", "{0CB7C6B1-AD4E-43F6-A4BC-27E0CDA4EA9D}"
EndProject
Project("{FAE04EC0-301F-11D3-BF4B-00C04F79EFBC}") = "WPFClock", "WPFTestApp\WPFClock.csproj", "{3EA125F1-21F1-4244-BBE3-91564E0547D6}"
EndProject
Project("{FAE04EC0-301F-11D3-BF4B-00C04F79EFBC}") = "Aufgabe6", "Aufgabe6\Aufgabe6.csproj", "{69B2D502-F857-4286-B6E5-6638A94065C2}"
EndProject
Project("{FAE04EC0-301F-11D3-BF4B-00C04F79EFBC}") = "PersonManager", "PersonManager\PersonManager.csproj", "{CC9898C7-81DB-463F-BA21-64599CEFCCAA}"
EndProject
Project("{FAE04EC0-301F-11D3-BF4B-00C04F79EFBC}") = "Aufgabe4", "Aufgabe4\Aufgabe4.csproj", "{3A42EBE8-D62E-442B-968C-1EF684D0531D}"
EndProject
Project("{FAE04EC0-301F-11D3-BF4B-00C04F79EFBC}") = "Aufgabe7", "Aufgabe7\Aufgabe7.csproj", "{A59E8104-4445-43AD-B337-A2B95E73FEC0}"
EndProject
Project("{FAE04EC0-301F-11D3-BF4B-00C04F79EFBC}") = "Aufgabe5", "Aufgabe5\Aufgabe5.csproj", "{7CEC1772-122E-4F1D-99B7-725BFA37808A}"
EndProject
Project("{FAE04EC0-301F-11D3-BF4B-00C04F79EFBC}") = "Linq Exercise", "Linq Exercise\Linq Exercise.csproj", "{A33D314B-8CC8-4D10-AEA4-A7536DDC5D1E}"
EndProject
Project("{FAE04EC0-301F-11D3-BF4B-00C04F79EFBC}") = "Dynamische Assemblies Beispiel", "Dynamische Assemblies Beispiel\Dynamische Assemblies Beispiel.csproj", "{4EDD4A7D-E36C-41C7-90A0-F945E651EC97}"
EndProject
Project("{FAE04EC0-301F-11D3-BF4B-00C04F79EFBC}") = "VehicleLibrary", "VehicleLibrary\VehicleLibrary.csproj", "{4B0B8AA2-2610-44A6-8EFE-AD2398E77E2F}"
EndProject
Project("{FAE04EC0-301F-11D3-BF4B-00C04F79EFBC}") = "Aufgabe2", "Aufgabe2\Aufgabe2.csproj", "{ED8B3C4A-DDA6-41AC-A1BA-697D88195F9F}"
EndProject
Project("{FAE04EC0-301F-11D3-BF4B-00C04F79EFBC}") = "Aufgabe8", "Aufgabe8\Aufgabe8.csproj", "{01C575B9-038C-42AD-8D59-321777F95D45}"
EndProject
Project("{FAE04EC0-301F-11D3-BF4B-00C04F79EFBC}") = "Aufgabe8_Library", "Aufgabe8_Library\Aufgabe8_Library.csproj", "{975CB8D0-705B-408C-B029-E3A134949225}"
EndProject
Project("{FAE04EC0-301F-11D3-BF4B-00C04F79EFBC}") = "PingWPF_Übung", "PingWPF_Übung\PingWPF_Übung.csproj", "{8AA3BC53-45F7-4736-865F-6E17AC3800C4}"
EndProject
Project("{FAE04EC0-301F-11D3-BF4B-00C04F79EFBC}") = "Aufgabe10", "Aufgabe10\Aufgabe10.csproj", "{27410DEE-CEFC-4006-B706-B1A9C6F122A9}"
EndProject
Project("{FAE04EC0-301F-11D3-BF4B-00C04F79EFBC}") = "Aufgabe9", "Aufgabe9\Aufgabe9.csproj", "{A78CB3C4-EBBE-4D27-BC05-FD55603D3348}"
EndProject
Project("{FAE04EC0-301F-11D3-BF4B-00C04F79EFBC}") = "Aufgabe11", "Aufgabe11\Aufgabe11.csproj", "{5DF5DC98-3C97-4089-80BE-5FC3BF3862FE}"
EndProject
Project("{FAE04EC0-301F-11D3-BF4B-00C04F79EFBC}") = "NetworkingTestProject", "NetworkingTestProject\NetworkingTestProject.csproj", "{0F71BC9C-B7D8-42EF-8E65-1B2961FF766A}"
EndProject
Global
	GlobalSection(SolutionConfigurationPlatforms) = preSolution
		Debug|Any CPU = Debug|Any CPU
		Release|Any CPU = Release|Any CPU
	EndGlobalSection
	GlobalSection(ProjectConfigurationPlatforms) = postSolution
		{1945CFA6-9512-4CB1-9209-739B42E02886}.Debug|Any CPU.ActiveCfg = Debug|Any CPU
		{1945CFA6-9512-4CB1-9209-739B42E02886}.Debug|Any CPU.Build.0 = Debug|Any CPU
		{1945CFA6-9512-4CB1-9209-739B42E02886}.Release|Any CPU.ActiveCfg = Release|Any CPU
		{1945CFA6-9512-4CB1-9209-739B42E02886}.Release|Any CPU.Build.0 = Release|Any CPU
		{0CB7C6B1-AD4E-43F6-A4BC-27E0CDA4EA9D}.Debug|Any CPU.ActiveCfg = Debug|Any CPU
		{0CB7C6B1-AD4E-43F6-A4BC-27E0CDA4EA9D}.Debug|Any CPU.Build.0 = Debug|Any CPU
		{0CB7C6B1-AD4E-43F6-A4BC-27E0CDA4EA9D}.Release|Any CPU.ActiveCfg = Release|Any CPU
		{0CB7C6B1-AD4E-43F6-A4BC-27E0CDA4EA9D}.Release|Any CPU.Build.0 = Release|Any CPU
		{3EA125F1-21F1-4244-BBE3-91564E0547D6}.Debug|Any CPU.ActiveCfg = Debug|Any CPU
		{3EA125F1-21F1-4244-BBE3-91564E0547D6}.Debug|Any CPU.Build.0 = Debug|Any CPU
		{3EA125F1-21F1-4244-BBE3-91564E0547D6}.Release|Any CPU.ActiveCfg = Release|Any CPU
		{3EA125F1-21F1-4244-BBE3-91564E0547D6}.Release|Any CPU.Build.0 = Release|Any CPU
		{69B2D502-F857-4286-B6E5-6638A94065C2}.Debug|Any CPU.ActiveCfg = Debug|Any CPU
		{69B2D502-F857-4286-B6E5-6638A94065C2}.Debug|Any CPU.Build.0 = Debug|Any CPU
		{69B2D502-F857-4286-B6E5-6638A94065C2}.Release|Any CPU.ActiveCfg = Release|Any CPU
		{69B2D502-F857-4286-B6E5-6638A94065C2}.Release|Any CPU.Build.0 = Release|Any CPU
		{CC9898C7-81DB-463F-BA21-64599CEFCCAA}.Debug|Any CPU.ActiveCfg = Debug|Any CPU
		{CC9898C7-81DB-463F-BA21-64599CEFCCAA}.Debug|Any CPU.Build.0 = Debug|Any CPU
		{CC9898C7-81DB-463F-BA21-64599CEFCCAA}.Release|Any CPU.ActiveCfg = Release|Any CPU
		{CC9898C7-81DB-463F-BA21-64599CEFCCAA}.Release|Any CPU.Build.0 = Release|Any CPU
		{3A42EBE8-D62E-442B-968C-1EF684D0531D}.Debug|Any CPU.ActiveCfg = Debug|Any CPU
		{3A42EBE8-D62E-442B-968C-1EF684D0531D}.Debug|Any CPU.Build.0 = Debug|Any CPU
		{3A42EBE8-D62E-442B-968C-1EF684D0531D}.Release|Any CPU.ActiveCfg = Release|Any CPU
		{3A42EBE8-D62E-442B-968C-1EF684D0531D}.Release|Any CPU.Build.0 = Release|Any CPU
		{A59E8104-4445-43AD-B337-A2B95E73FEC0}.Debug|Any CPU.ActiveCfg = Debug|Any CPU
		{A59E8104-4445-43AD-B337-A2B95E73FEC0}.Debug|Any CPU.Build.0 = Debug|Any CPU
		{A59E8104-4445-43AD-B337-A2B95E73FEC0}.Release|Any CPU.ActiveCfg = Release|Any CPU
		{A59E8104-4445-43AD-B337-A2B95E73FEC0}.Release|Any CPU.Build.0 = Release|Any CPU
		{7CEC1772-122E-4F1D-99B7-725BFA37808A}.Debug|Any CPU.ActiveCfg = Debug|Any CPU
		{7CEC1772-122E-4F1D-99B7-725BFA37808A}.Debug|Any CPU.Build.0 = Debug|Any CPU
		{7CEC1772-122E-4F1D-99B7-725BFA37808A}.Release|Any CPU.ActiveCfg = Release|Any CPU
		{7CEC1772-122E-4F1D-99B7-725BFA37808A}.Release|Any CPU.Build.0 = Release|Any CPU
		{A33D314B-8CC8-4D10-AEA4-A7536DDC5D1E}.Debug|Any CPU.ActiveCfg = Debug|Any CPU
		{A33D314B-8CC8-4D10-AEA4-A7536DDC5D1E}.Debug|Any CPU.Build.0 = Debug|Any CPU
		{A33D314B-8CC8-4D10-AEA4-A7536DDC5D1E}.Release|Any CPU.ActiveCfg = Release|Any CPU
		{A33D314B-8CC8-4D10-AEA4-A7536DDC5D1E}.Release|Any CPU.Build.0 = Release|Any CPU
		{4EDD4A7D-E36C-41C7-90A0-F945E651EC97}.Debug|Any CPU.ActiveCfg = Debug|Any CPU
		{4EDD4A7D-E36C-41C7-90A0-F945E651EC97}.Debug|Any CPU.Build.0 = Debug|Any CPU
		{4EDD4A7D-E36C-41C7-90A0-F945E651EC97}.Release|Any CPU.ActiveCfg = Release|Any CPU
		{4EDD4A7D-E36C-41C7-90A0-F945E651EC97}.Release|Any CPU.Build.0 = Release|Any CPU
		{4B0B8AA2-2610-44A6-8EFE-AD2398E77E2F}.Debug|Any CPU.ActiveCfg = Debug|Any CPU
		{4B0B8AA2-2610-44A6-8EFE-AD2398E77E2F}.Debug|Any CPU.Build.0 = Debug|Any CPU
		{4B0B8AA2-2610-44A6-8EFE-AD2398E77E2F}.Release|Any CPU.ActiveCfg = Release|Any CPU
		{4B0B8AA2-2610-44A6-8EFE-AD2398E77E2F}.Release|Any CPU.Build.0 = Release|Any CPU
		{ED8B3C4A-DDA6-41AC-A1BA-697D88195F9F}.Debug|Any CPU.ActiveCfg = Debug|Any CPU
		{ED8B3C4A-DDA6-41AC-A1BA-697D88195F9F}.Debug|Any CPU.Build.0 = Debug|Any CPU
		{ED8B3C4A-DDA6-41AC-A1BA-697D88195F9F}.Release|Any CPU.ActiveCfg = Release|Any CPU
		{ED8B3C4A-DDA6-41AC-A1BA-697D88195F9F}.Release|Any CPU.Build.0 = Release|Any CPU
		{01C575B9-038C-42AD-8D59-321777F95D45}.Debug|Any CPU.ActiveCfg = Debug|Any CPU
		{01C575B9-038C-42AD-8D59-321777F95D45}.Debug|Any CPU.Build.0 = Debug|Any CPU
		{01C575B9-038C-42AD-8D59-321777F95D45}.Release|Any CPU.ActiveCfg = Release|Any CPU
		{01C575B9-038C-42AD-8D59-321777F95D45}.Release|Any CPU.Build.0 = Release|Any CPU
		{975CB8D0-705B-408C-B029-E3A134949225}.Debug|Any CPU.ActiveCfg = Debug|Any CPU
		{975CB8D0-705B-408C-B029-E3A134949225}.Debug|Any CPU.Build.0 = Debug|Any CPU
		{975CB8D0-705B-408C-B029-E3A134949225}.Release|Any CPU.ActiveCfg = Release|Any CPU
		{975CB8D0-705B-408C-B029-E3A134949225}.Release|Any CPU.Build.0 = Release|Any CPU
		{8AA3BC53-45F7-4736-865F-6E17AC3800C4}.Debug|Any CPU.ActiveCfg = Debug|Any CPU
		{8AA3BC53-45F7-4736-865F-6E17AC3800C4}.Debug|Any CPU.Build.0 = Debug|Any CPU
		{8AA3BC53-45F7-4736-865F-6E17AC3800C4}.Release|Any CPU.ActiveCfg = Release|Any CPU
		{8AA3BC53-45F7-4736-865F-6E17AC3800C4}.Release|Any CPU.Build.0 = Release|Any CPU
		{27410DEE-CEFC-4006-B706-B1A9C6F122A9}.Debug|Any CPU.ActiveCfg = Debug|Any CPU
		{27410DEE-CEFC-4006-B706-B1A9C6F122A9}.Debug|Any CPU.Build.0 = Debug|Any CPU
		{27410DEE-CEFC-4006-B706-B1A9C6F122A9}.Release|Any CPU.ActiveCfg = Release|Any CPU
		{27410DEE-CEFC-4006-B706-B1A9C6F122A9}.Release|Any CPU.Build.0 = Release|Any CPU
		{A78CB3C4-EBBE-4D27-BC05-FD55603D3348}.Debug|Any CPU.ActiveCfg = Debug|Any CPU
		{A78CB3C4-EBBE-4D27-BC05-FD55603D3348}.Debug|Any CPU.Build.0 = Debug|Any CPU
		{A78CB3C4-EBBE-4D27-BC05-FD55603D3348}.Release|Any CPU.ActiveCfg = Release|Any CPU
		{A78CB3C4-EBBE-4D27-BC05-FD55603D3348}.Release|Any CPU.Build.0 = Release|Any CPU
		{5DF5DC98-3C97-4089-80BE-5FC3BF3862FE}.Debug|Any CPU.ActiveCfg = Debug|Any CPU
		{5DF5DC98-3C97-4089-80BE-5FC3BF3862FE}.Debug|Any CPU.Build.0 = Debug|Any CPU
		{5DF5DC98-3C97-4089-80BE-5FC3BF3862FE}.Release|Any CPU.ActiveCfg = Release|Any CPU
		{5DF5DC98-3C97-4089-80BE-5FC3BF3862FE}.Release|Any CPU.Build.0 = Release|Any CPU
		{0F71BC9C-B7D8-42EF-8E65-1B2961FF766A}.Debug|Any CPU.ActiveCfg = Debug|Any CPU
		{0F71BC9C-B7D8-42EF-8E65-1B2961FF766A}.Debug|Any CPU.Build.0 = Debug|Any CPU
		{0F71BC9C-B7D8-42EF-8E65-1B2961FF766A}.Release|Any CPU.ActiveCfg = Release|Any CPU
		{0F71BC9C-B7D8-42EF-8E65-1B2961FF766A}.Release|Any CPU.Build.0 = Release|Any CPU
	EndGlobalSection
	GlobalSection(SolutionProperties) = preSolution
		HideSolutionNode = FALSE
	EndGlobalSection
	GlobalSection(ExtensibilityGlobals) = postSolution
		SolutionGuid = {C48551AE-9874-45D9-BC72-72152F239A62}
	EndGlobalSection
EndGlobal
