
Microsoft Visual Studio Solution File, Format Version 12.00
# Visual Studio Version 16
VisualStudioVersion = 16.0.30907.101
MinimumVisualStudioVersion = 10.0.40219.1
Project("{FAE04EC0-301F-11D3-BF4B-00C04F79EFBC}") = "Aufgabe1", "Aufgabe1\Aufgabe1.csproj", "{1945CFA6-9512-4CB1-9209-739B42E02886}"
EndProject
Project("{FAE04EC0-301F-11D3-BF4B-00C04F79EFBC}") = "Aufgabe3", "Aufgabe3\Aufgabe3.csproj", "{0CB7C6B1-AD4E-43F6-A4BC-27E0CDA4EA9D}"
EndProject
Project("{FAE04EC0-301F-11D3-BF4B-00C04F79EFBC}") = "WPFClock", "WPFTestApp\WPFClock.csproj", "{3EA125F1-21F1-4244-BBE3-91564E0547D6}"
EndProject
Project("{FAE04EC0-301F-11D3-BF4B-00C04F79EFBC}") = "Aufgabe6", "Aufgabe6\Aufgabe6.csproj", "{69B2D502-F857-4286-B6E5-6638A94065C2}"
EndProject
Global
	GlobalSection(SolutionConfigurationPlatforms) = preSolution
		Debug|Any CPU = Debug|Any CPU
		Release|Any CPU = Release|Any CPU
	EndGlobalSection
	GlobalSection(ProjectConfigurationPlatforms) = postSolution
		{1945CFA6-9512-4CB1-9209-739B42E02886}.Debug|Any CPU.ActiveCfg = Debug|Any CPU
		{1945CFA6-9512-4CB1-9209-739B42E02886}.Debug|Any CPU.Build.0 = Debug|Any CPU
		{1945CFA6-9512-4CB1-9209-739B42E02886}.Release|Any CPU.ActiveCfg = Release|Any CPU
		{1945CFA6-9512-4CB1-9209-739B42E02886}.Release|Any CPU.Build.0 = Release|Any CPU
		{0CB7C6B1-AD4E-43F6-A4BC-27E0CDA4EA9D}.Debug|Any CPU.ActiveCfg = Debug|Any CPU
		{0CB7C6B1-AD4E-43F6-A4BC-27E0CDA4EA9D}.Debug|Any CPU.Build.0 = Debug|Any CPU
		{0CB7C6B1-AD4E-43F6-A4BC-27E0CDA4EA9D}.Release|Any CPU.ActiveCfg = Release|Any CPU
		{0CB7C6B1-AD4E-43F6-A4BC-27E0CDA4EA9D}.Release|Any CPU.Build.0 = Release|Any CPU
		{3EA125F1-21F1-4244-BBE3-91564E0547D6}.Debug|Any CPU.ActiveCfg = Debug|Any CPU
		{3EA125F1-21F1-4244-BBE3-91564E0547D6}.Debug|Any CPU.Build.0 = Debug|Any CPU
		{3EA125F1-21F1-4244-BBE3-91564E0547D6}.Release|Any CPU.ActiveCfg = Release|Any CPU
		{3EA125F1-21F1-4244-BBE3-91564E0547D6}.Release|Any CPU.Build.0 = Release|Any CPU
		{69B2D502-F857-4286-B6E5-6638A94065C2}.Debug|Any CPU.ActiveCfg = Debug|Any CPU
		{69B2D502-F857-4286-B6E5-6638A94065C2}.Debug|Any CPU.Build.0 = Debug|Any CPU
		{69B2D502-F857-4286-B6E5-6638A94065C2}.Release|Any CPU.ActiveCfg = Release|Any CPU
		{69B2D502-F857-4286-B6E5-6638A94065C2}.Release|Any CPU.Build.0 = Release|Any CPU
	EndGlobalSection
	GlobalSection(SolutionProperties) = preSolution
		HideSolutionNode = FALSE
	EndGlobalSection
	GlobalSection(ExtensibilityGlobals) = postSolution
		SolutionGuid = {C48551AE-9874-45D9-BC72-72152F239A62}
	EndGlobalSection
EndGlobal
